
Microsoft Visual Studio Solution File, Format Version 12.00
# Visual Studio Version 17
VisualStudioVersion = 17.13.35825.156 d17.13
MinimumVisualStudioVersion = 10.0.40219.1
Project("{FAE04EC0-301F-11D3-BF4B-00C04F79EFBC}") = "projectbutton", "projectbutton\projectbutton.csproj", "{FB812EA5-AE6B-40B8-BBFA-FDDACDBCB53C}"
EndProject
Global
	GlobalSection(SolutionConfigurationPlatforms) = preSolution
		Debug|Any CPU = Debug|Any CPU
		Release|Any CPU = Release|Any CPU
	EndGlobalSection
	GlobalSection(ProjectConfigurationPlatforms) = postSolution
		{FB812EA5-AE6B-40B8-BBFA-FDDACDBCB53C}.Debug|Any CPU.ActiveCfg = Debug|Any CPU
		{FB812EA5-AE6B-40B8-BBFA-FDDACDBCB53C}.Debug|Any CPU.Build.0 = Debug|Any CPU
		{FB812EA5-AE6B-40B8-BBFA-FDDACDBCB53C}.Release|Any CPU.ActiveCfg = Release|Any CPU
		{FB812EA5-AE6B-40B8-BBFA-FDDACDBCB53C}.Release|Any CPU.Build.0 = Release|Any CPU
	EndGlobalSection
	GlobalSection(SolutionProperties) = preSolution
		HideSolutionNode = FALSE
	EndGlobalSection
	GlobalSection(ExtensibilityGlobals) = postSolution
		SolutionGuid = {D52A234E-C77C-47EF-9729-EEC5FBC00892}
	EndGlobalSection
EndGlobal
